
Microsoft Visual Studio Solution File, Format Version 12.00
# Visual Studio 15
VisualStudioVersion = 15.0.27703.2042
MinimumVisualStudioVersion = 10.0.40219.1
Project("{888888A0-9F3D-457C-B088-3A5042F75D52}") = "LinearRegressionTecnicalService", "LinearRegressionTecnicalService\LinearRegressionTecnicalService.pyproj", "{B7E5B2C9-BC75-4C41-ADD8-AB627CAB6A86}"
EndProject
Project("{888888A0-9F3D-457C-B088-3A5042F75D52}") = "LinearRegression_Time10_CloseBase", "LinearRegression_Time10_CloseBase\LinearRegression_Time10_CloseBase.pyproj", "{D2A956E1-8C97-477C-BB45-8B277A29B048}"
EndProject
Global
	GlobalSection(SolutionConfigurationPlatforms) = preSolution
		Debug|Any CPU = Debug|Any CPU
		Release|Any CPU = Release|Any CPU
	EndGlobalSection
	GlobalSection(ProjectConfigurationPlatforms) = postSolution
		{B7E5B2C9-BC75-4C41-ADD8-AB627CAB6A86}.Debug|Any CPU.ActiveCfg = Debug|Any CPU
		{B7E5B2C9-BC75-4C41-ADD8-AB627CAB6A86}.Debug|Any CPU.Build.0 = Debug|Any CPU
		{B7E5B2C9-BC75-4C41-ADD8-AB627CAB6A86}.Release|Any CPU.ActiveCfg = Release|Any CPU
		{B7E5B2C9-BC75-4C41-ADD8-AB627CAB6A86}.Release|Any CPU.Build.0 = Release|Any CPU
		{D2A956E1-8C97-477C-BB45-8B277A29B048}.Debug|Any CPU.ActiveCfg = Debug|Any CPU
		{D2A956E1-8C97-477C-BB45-8B277A29B048}.Release|Any CPU.ActiveCfg = Release|Any CPU
	EndGlobalSection
	GlobalSection(SolutionProperties) = preSolution
		HideSolutionNode = FALSE
	EndGlobalSection
	GlobalSection(ExtensibilityGlobals) = postSolution
		SolutionGuid = {24B77BD1-2745-4FBE-84AF-873DC5DDBA80}
	EndGlobalSection
EndGlobal
